
Microsoft Visual Studio Solution File, Format Version 11.00
# Visual Studio 2010
Project("{FAE04EC0-301F-11D3-BF4B-00C04F79EFBC}") = "Assembly-CSharp", "Assembly-CSharp.csproj", "{CC72FED0-4711-3CFF-B2E3-4C4E5FA59041}"
EndProject
Global
	GlobalSection(SolutionConfigurationPlatforms) = preSolution
		Debug|Any CPU = Debug|Any CPU
		Release|Any CPU = Release|Any CPU
	EndGlobalSection
	GlobalSection(ProjectConfigurationPlatforms) = postSolution
		{CC72FED0-4711-3CFF-B2E3-4C4E5FA59041}.Debug|Any CPU.ActiveCfg = Debug|Any CPU
		{CC72FED0-4711-3CFF-B2E3-4C4E5FA59041}.Debug|Any CPU.Build.0 = Debug|Any CPU
		{CC72FED0-4711-3CFF-B2E3-4C4E5FA59041}.Release|Any CPU.ActiveCfg = Release|Any CPU
		{CC72FED0-4711-3CFF-B2E3-4C4E5FA59041}.Release|Any CPU.Build.0 = Release|Any CPU
	EndGlobalSection
	GlobalSection(SolutionProperties) = preSolution
		HideSolutionNode = FALSE
	EndGlobalSection
	GlobalSection(MonoDevelopProperties) = preSolution
		StartupItem = Assembly-CSharp.csproj
	EndGlobalSection
EndGlobal
